
Microsoft Visual Studio Solution File, Format Version 12.00
# Visual Studio Version 17
VisualStudioVersion = 17.1.32228.430
MinimumVisualStudioVersion = 10.0.40219.1
Project("{2150E333-8FDC-42A3-9474-1A3956D46DE8}") = "BackendServices", "BackendServices", "{0ECD2EBB-BB07-4A6D-ACCB-134BC1ECE41D}"
EndProject
Project("{9A19103F-16F7-4668-BE54-9A1E7A4F7556}") = "GrpcCatalog", "Backend\GrpcCatalog\GrpcCatalog.csproj", "{9EB3D5EA-F592-4CCF-9144-B4B126666FBF}"
EndProject
Project("{2150E333-8FDC-42A3-9474-1A3956D46DE8}") = "Client", "Client", "{DDC2AC5C-AF08-4DC9-92D7-43893ED9EFC8}"
EndProject
Project("{9A19103F-16F7-4668-BE54-9A1E7A4F7556}") = "GrpcClient", "Client\GrpcClient\GrpcClient.csproj", "{B34453E7-868C-4FD0-8C14-B95DA3EE02B1}"
EndProject
Project("{2150E333-8FDC-42A3-9474-1A3956D46DE8}") = "Works", "Works", "{C40ECB66-8430-40C5-BED1-F0AE24E46F02}"
EndProject
Project("{FAE04EC0-301F-11D3-BF4B-00C04F79EFBC}") = "CatalogWorkerService", "Works\CatalogWorkerService\CatalogWorkerService.csproj", "{63FF16E7-B9AA-4085-B2C4-62FF4B3347E2}"
EndProject
Global
	GlobalSection(SolutionConfigurationPlatforms) = preSolution
		Debug|Any CPU = Debug|Any CPU
		Release|Any CPU = Release|Any CPU
	EndGlobalSection
	GlobalSection(ProjectConfigurationPlatforms) = postSolution
		{9EB3D5EA-F592-4CCF-9144-B4B126666FBF}.Debug|Any CPU.ActiveCfg = Debug|Any CPU
		{9EB3D5EA-F592-4CCF-9144-B4B126666FBF}.Debug|Any CPU.Build.0 = Debug|Any CPU
		{9EB3D5EA-F592-4CCF-9144-B4B126666FBF}.Release|Any CPU.ActiveCfg = Release|Any CPU
		{9EB3D5EA-F592-4CCF-9144-B4B126666FBF}.Release|Any CPU.Build.0 = Release|Any CPU
		{B34453E7-868C-4FD0-8C14-B95DA3EE02B1}.Debug|Any CPU.ActiveCfg = Debug|Any CPU
		{B34453E7-868C-4FD0-8C14-B95DA3EE02B1}.Debug|Any CPU.Build.0 = Debug|Any CPU
		{B34453E7-868C-4FD0-8C14-B95DA3EE02B1}.Release|Any CPU.ActiveCfg = Release|Any CPU
		{B34453E7-868C-4FD0-8C14-B95DA3EE02B1}.Release|Any CPU.Build.0 = Release|Any CPU
		{63FF16E7-B9AA-4085-B2C4-62FF4B3347E2}.Debug|Any CPU.ActiveCfg = Debug|Any CPU
		{63FF16E7-B9AA-4085-B2C4-62FF4B3347E2}.Debug|Any CPU.Build.0 = Debug|Any CPU
		{63FF16E7-B9AA-4085-B2C4-62FF4B3347E2}.Release|Any CPU.ActiveCfg = Release|Any CPU
		{63FF16E7-B9AA-4085-B2C4-62FF4B3347E2}.Release|Any CPU.Build.0 = Release|Any CPU
	EndGlobalSection
	GlobalSection(SolutionProperties) = preSolution
		HideSolutionNode = FALSE
	EndGlobalSection
	GlobalSection(NestedProjects) = preSolution
		{9EB3D5EA-F592-4CCF-9144-B4B126666FBF} = {0ECD2EBB-BB07-4A6D-ACCB-134BC1ECE41D}
		{B34453E7-868C-4FD0-8C14-B95DA3EE02B1} = {DDC2AC5C-AF08-4DC9-92D7-43893ED9EFC8}
		{63FF16E7-B9AA-4085-B2C4-62FF4B3347E2} = {C40ECB66-8430-40C5-BED1-F0AE24E46F02}
	EndGlobalSection
	GlobalSection(ExtensibilityGlobals) = postSolution
		SolutionGuid = {14C16E33-64FF-42C1-8584-52580BBD9E34}
	EndGlobalSection
EndGlobal
