
Microsoft Visual Studio Solution File, Format Version 12.00
# Visual Studio Version 17
VisualStudioVersion = 17.1.32228.430
MinimumVisualStudioVersion = 10.0.40219.1
Project("{2150E333-8FDC-42A3-9474-1A3956D46DE8}") = "BackendServices", "BackendServices", "{0ECD2EBB-BB07-4A6D-ACCB-134BC1ECE41D}"
EndProject
Project("{2150E333-8FDC-42A3-9474-1A3956D46DE8}") = "Client", "Client", "{DDC2AC5C-AF08-4DC9-92D7-43893ED9EFC8}"
EndProject
Project("{2150E333-8FDC-42A3-9474-1A3956D46DE8}") = "Works", "Works", "{C40ECB66-8430-40C5-BED1-F0AE24E46F02}"
EndProject
Project("{2150E333-8FDC-42A3-9474-1A3956D46DE8}") = "Catalog", "Catalog", "{D918008B-31DB-4E6A-88B2-C788407CD87A}"
EndProject
Project("{2150E333-8FDC-42A3-9474-1A3956D46DE8}") = "ShoppingCart", "ShoppingCart", "{FBA9ADFC-F44B-4F8C-86F6-7BFD190803D5}"
EndProject
Project("{9A19103F-16F7-4668-BE54-9A1E7A4F7556}") = "ShoppingCartGrpc", "Shopping\ShoppingCartGrpc\ShoppingCartGrpc.csproj", "{876E5C17-225A-4FBB-B278-5EDA787AABCB}"
EndProject
Project("{9A19103F-16F7-4668-BE54-9A1E7A4F7556}") = "CatalogWorkerService", "Catalog\Works\CatalogWorkerService\CatalogWorkerService.csproj", "{C4360848-40EE-40D7-AD54-A3E823AB5379}"
EndProject
Project("{9A19103F-16F7-4668-BE54-9A1E7A4F7556}") = "GrpcClient", "Catalog\Client\GrpcClient\GrpcClient.csproj", "{77F0EC05-5605-4F15-A060-1B39463CFA3E}"
EndProject
Project("{9A19103F-16F7-4668-BE54-9A1E7A4F7556}") = "GrpcCatalog", "Catalog\Backend\GrpcCatalog\GrpcCatalog.csproj", "{966958D0-3FFD-4629-A8B1-F5EBFD9408ED}"
EndProject
Project("{9A19103F-16F7-4668-BE54-9A1E7A4F7556}") = "ShoppingCartWorkerService", "Shopping\ShoppingCartWorkerService\ShoppingCartWorkerService.csproj", "{13F2CB6E-5AEE-49E1-8EB2-CE37F6DB6045}"
EndProject
Global
	GlobalSection(SolutionConfigurationPlatforms) = preSolution
		Debug|Any CPU = Debug|Any CPU
		Release|Any CPU = Release|Any CPU
	EndGlobalSection
	GlobalSection(ProjectConfigurationPlatforms) = postSolution
		{876E5C17-225A-4FBB-B278-5EDA787AABCB}.Debug|Any CPU.ActiveCfg = Debug|Any CPU
		{876E5C17-225A-4FBB-B278-5EDA787AABCB}.Debug|Any CPU.Build.0 = Debug|Any CPU
		{876E5C17-225A-4FBB-B278-5EDA787AABCB}.Release|Any CPU.ActiveCfg = Release|Any CPU
		{876E5C17-225A-4FBB-B278-5EDA787AABCB}.Release|Any CPU.Build.0 = Release|Any CPU
		{C4360848-40EE-40D7-AD54-A3E823AB5379}.Debug|Any CPU.ActiveCfg = Debug|Any CPU
		{C4360848-40EE-40D7-AD54-A3E823AB5379}.Debug|Any CPU.Build.0 = Debug|Any CPU
		{C4360848-40EE-40D7-AD54-A3E823AB5379}.Release|Any CPU.ActiveCfg = Release|Any CPU
		{C4360848-40EE-40D7-AD54-A3E823AB5379}.Release|Any CPU.Build.0 = Release|Any CPU
		{77F0EC05-5605-4F15-A060-1B39463CFA3E}.Debug|Any CPU.ActiveCfg = Debug|Any CPU
		{77F0EC05-5605-4F15-A060-1B39463CFA3E}.Debug|Any CPU.Build.0 = Debug|Any CPU
		{77F0EC05-5605-4F15-A060-1B39463CFA3E}.Release|Any CPU.ActiveCfg = Release|Any CPU
		{77F0EC05-5605-4F15-A060-1B39463CFA3E}.Release|Any CPU.Build.0 = Release|Any CPU
		{966958D0-3FFD-4629-A8B1-F5EBFD9408ED}.Debug|Any CPU.ActiveCfg = Debug|Any CPU
		{966958D0-3FFD-4629-A8B1-F5EBFD9408ED}.Debug|Any CPU.Build.0 = Debug|Any CPU
		{966958D0-3FFD-4629-A8B1-F5EBFD9408ED}.Release|Any CPU.ActiveCfg = Release|Any CPU
		{966958D0-3FFD-4629-A8B1-F5EBFD9408ED}.Release|Any CPU.Build.0 = Release|Any CPU
		{13F2CB6E-5AEE-49E1-8EB2-CE37F6DB6045}.Debug|Any CPU.ActiveCfg = Debug|Any CPU
		{13F2CB6E-5AEE-49E1-8EB2-CE37F6DB6045}.Debug|Any CPU.Build.0 = Debug|Any CPU
		{13F2CB6E-5AEE-49E1-8EB2-CE37F6DB6045}.Release|Any CPU.ActiveCfg = Release|Any CPU
		{13F2CB6E-5AEE-49E1-8EB2-CE37F6DB6045}.Release|Any CPU.Build.0 = Release|Any CPU
	EndGlobalSection
	GlobalSection(SolutionProperties) = preSolution
		HideSolutionNode = FALSE
	EndGlobalSection
	GlobalSection(NestedProjects) = preSolution
		{0ECD2EBB-BB07-4A6D-ACCB-134BC1ECE41D} = {D918008B-31DB-4E6A-88B2-C788407CD87A}
		{DDC2AC5C-AF08-4DC9-92D7-43893ED9EFC8} = {D918008B-31DB-4E6A-88B2-C788407CD87A}
		{C40ECB66-8430-40C5-BED1-F0AE24E46F02} = {D918008B-31DB-4E6A-88B2-C788407CD87A}
		{876E5C17-225A-4FBB-B278-5EDA787AABCB} = {FBA9ADFC-F44B-4F8C-86F6-7BFD190803D5}
		{C4360848-40EE-40D7-AD54-A3E823AB5379} = {C40ECB66-8430-40C5-BED1-F0AE24E46F02}
		{77F0EC05-5605-4F15-A060-1B39463CFA3E} = {DDC2AC5C-AF08-4DC9-92D7-43893ED9EFC8}
		{966958D0-3FFD-4629-A8B1-F5EBFD9408ED} = {0ECD2EBB-BB07-4A6D-ACCB-134BC1ECE41D}
		{13F2CB6E-5AEE-49E1-8EB2-CE37F6DB6045} = {FBA9ADFC-F44B-4F8C-86F6-7BFD190803D5}
	EndGlobalSection
	GlobalSection(ExtensibilityGlobals) = postSolution
		SolutionGuid = {14C16E33-64FF-42C1-8584-52580BBD9E34}
	EndGlobalSection
EndGlobal
